// !$*UTF8*$!
{
	archiveVersion = 1;
	classes = {
	};
	objectVersion = 55;
	objects = {

/* Begin PBXBuildFile section */
		071C3C4A2799B89000CB9420 /* ManagerConnections.swift in Sources */ = {isa = PBXBuildFile; fileRef = 071C3C492799B89000CB9420 /* ManagerConnections.swift */; };
		071C3C4C2799BAF300CB9420 /* Movies.swift in Sources */ = {isa = PBXBuildFile; fileRef = 071C3C4B2799BAF300CB9420 /* Movies.swift */; };
		071C3C4F2799C04F00CB9420 /* PopularMoviesRepository.swift in Sources */ = {isa = PBXBuildFile; fileRef = 071C3C4E2799C04F00CB9420 /* PopularMoviesRepository.swift */; };
		071C3C532799C3B700CB9420 /* Errors.swift in Sources */ = {isa = PBXBuildFile; fileRef = 071C3C522799C3B700CB9420 /* Errors.swift */; };
		07998DA527987DC100B36E3F /* AppDelegate.swift in Sources */ = {isa = PBXBuildFile; fileRef = 07998DA427987DC100B36E3F /* AppDelegate.swift */; };
		07998DA727987DC100B36E3F /* SceneDelegate.swift in Sources */ = {isa = PBXBuildFile; fileRef = 07998DA627987DC100B36E3F /* SceneDelegate.swift */; };
		07998DAE27987DC200B36E3F /* Assets.xcassets in Resources */ = {isa = PBXBuildFile; fileRef = 07998DAD27987DC200B36E3F /* Assets.xcassets */; };
		07998DB127987DC300B36E3F /* LaunchScreen.storyboard in Resources */ = {isa = PBXBuildFile; fileRef = 07998DAF27987DC300B36E3F /* LaunchScreen.storyboard */; };
		07998DBC2798850700B36E3F /* Constants.swift in Sources */ = {isa = PBXBuildFile; fileRef = 07998DBB2798850700B36E3F /* Constants.swift */; };
		07998DBF2798866100B36E3F /* HomeView.swift in Sources */ = {isa = PBXBuildFile; fileRef = 07998DBD2798866100B36E3F /* HomeView.swift */; };
		07998DC02798866100B36E3F /* HomeView.xib in Resources */ = {isa = PBXBuildFile; fileRef = 07998DBE2798866100B36E3F /* HomeView.xib */; };
		07998DC32798867A00B36E3F /* DetailView.swift in Sources */ = {isa = PBXBuildFile; fileRef = 07998DC12798867A00B36E3F /* DetailView.swift */; };
		07998DC42798867A00B36E3F /* DetailView.xib in Resources */ = {isa = PBXBuildFile; fileRef = 07998DC22798867A00B36E3F /* DetailView.xib */; };
		07998DC92798877A00B36E3F /* HomeRouter.swift in Sources */ = {isa = PBXBuildFile; fileRef = 07998DC82798877A00B36E3F /* HomeRouter.swift */; };
		07998DCB27988DBD00B36E3F /* HomeViewModel.swift in Sources */ = {isa = PBXBuildFile; fileRef = 07998DCA27988DBD00B36E3F /* HomeViewModel.swift */; };
		4EEE655BA84A775321BC2DCE /* Pods_MVVM_RxSwift_TMDB.framework in Frameworks */ = {isa = PBXBuildFile; fileRef = EDDDAA8F1C0BA32714B41F47 /* Pods_MVVM_RxSwift_TMDB.framework */; };
/* End PBXBuildFile section */

/* Begin PBXFileReference section */
		071C3C492799B89000CB9420 /* ManagerConnections.swift */ = {isa = PBXFileReference; lastKnownFileType = sourcecode.swift; path = ManagerConnections.swift; sourceTree = "<group>"; };
		071C3C4B2799BAF300CB9420 /* Movies.swift */ = {isa = PBXFileReference; lastKnownFileType = sourcecode.swift; path = Movies.swift; sourceTree = "<group>"; };
		071C3C4E2799C04F00CB9420 /* PopularMoviesRepository.swift */ = {isa = PBXFileReference; lastKnownFileType = sourcecode.swift; path = PopularMoviesRepository.swift; sourceTree = "<group>"; };
		071C3C522799C3B700CB9420 /* Errors.swift */ = {isa = PBXFileReference; lastKnownFileType = sourcecode.swift; path = Errors.swift; sourceTree = "<group>"; };
		07998DA127987DC100B36E3F /* MVVM_RxSwift_TMDB.app */ = {isa = PBXFileReference; explicitFileType = wrapper.application; includeInIndex = 0; path = MVVM_RxSwift_TMDB.app; sourceTree = BUILT_PRODUCTS_DIR; };
		07998DA427987DC100B36E3F /* AppDelegate.swift */ = {isa = PBXFileReference; lastKnownFileType = sourcecode.swift; path = AppDelegate.swift; sourceTree = "<group>"; };
		07998DA627987DC100B36E3F /* SceneDelegate.swift */ = {isa = PBXFileReference; lastKnownFileType = sourcecode.swift; path = SceneDelegate.swift; sourceTree = "<group>"; };
		07998DAD27987DC200B36E3F /* Assets.xcassets */ = {isa = PBXFileReference; lastKnownFileType = folder.assetcatalog; path = Assets.xcassets; sourceTree = "<group>"; };
		07998DB027987DC300B36E3F /* Base */ = {isa = PBXFileReference; lastKnownFileType = file.storyboard; name = Base; path = Base.lproj/LaunchScreen.storyboard; sourceTree = "<group>"; };
		07998DB227987DC300B36E3F /* Info.plist */ = {isa = PBXFileReference; lastKnownFileType = text.plist.xml; path = Info.plist; sourceTree = "<group>"; };
		07998DBB2798850700B36E3F /* Constants.swift */ = {isa = PBXFileReference; lastKnownFileType = sourcecode.swift; path = Constants.swift; sourceTree = "<group>"; };
		07998DBD2798866100B36E3F /* HomeView.swift */ = {isa = PBXFileReference; lastKnownFileType = sourcecode.swift; path = HomeView.swift; sourceTree = "<group>"; };
		07998DBE2798866100B36E3F /* HomeView.xib */ = {isa = PBXFileReference; lastKnownFileType = file.xib; path = HomeView.xib; sourceTree = "<group>"; };
		07998DC12798867A00B36E3F /* DetailView.swift */ = {isa = PBXFileReference; lastKnownFileType = sourcecode.swift; path = DetailView.swift; sourceTree = "<group>"; };
		07998DC22798867A00B36E3F /* DetailView.xib */ = {isa = PBXFileReference; lastKnownFileType = file.xib; path = DetailView.xib; sourceTree = "<group>"; };
		07998DC82798877A00B36E3F /* HomeRouter.swift */ = {isa = PBXFileReference; lastKnownFileType = sourcecode.swift; path = HomeRouter.swift; sourceTree = "<group>"; };
		07998DCA27988DBD00B36E3F /* HomeViewModel.swift */ = {isa = PBXFileReference; lastKnownFileType = sourcecode.swift; path = HomeViewModel.swift; sourceTree = "<group>"; };
		7E215E781B7F7636FA6EE7A2 /* Pods-MVVM_RxSwift_TMDB.debug.xcconfig */ = {isa = PBXFileReference; includeInIndex = 1; lastKnownFileType = text.xcconfig; name = "Pods-MVVM_RxSwift_TMDB.debug.xcconfig"; path = "Target Support Files/Pods-MVVM_RxSwift_TMDB/Pods-MVVM_RxSwift_TMDB.debug.xcconfig"; sourceTree = "<group>"; };
		96D7FC21E4F7CC4B14EDF59B /* Pods-MVVM_RxSwift_TMDB.release.xcconfig */ = {isa = PBXFileReference; includeInIndex = 1; lastKnownFileType = text.xcconfig; name = "Pods-MVVM_RxSwift_TMDB.release.xcconfig"; path = "Target Support Files/Pods-MVVM_RxSwift_TMDB/Pods-MVVM_RxSwift_TMDB.release.xcconfig"; sourceTree = "<group>"; };
		EDDDAA8F1C0BA32714B41F47 /* Pods_MVVM_RxSwift_TMDB.framework */ = {isa = PBXFileReference; explicitFileType = wrapper.framework; includeInIndex = 0; path = Pods_MVVM_RxSwift_TMDB.framework; sourceTree = BUILT_PRODUCTS_DIR; };
/* End PBXFileReference section */

/* Begin PBXFrameworksBuildPhase section */
		07998D9E27987DC100B36E3F /* Frameworks */ = {
			isa = PBXFrameworksBuildPhase;
			buildActionMask = 2147483647;
			files = (
				4EEE655BA84A775321BC2DCE /* Pods_MVVM_RxSwift_TMDB.framework in Frameworks */,
			);
			runOnlyForDeploymentPostprocessing = 0;
		};
/* End PBXFrameworksBuildPhase section */

/* Begin PBXGroup section */
		071C3C482799B86F00CB9420 /* NetworkManager */ = {
			isa = PBXGroup;
			children = (
				071C3C492799B89000CB9420 /* ManagerConnections.swift */,
			);
			path = NetworkManager;
			sourceTree = "<group>";
		};
		071C3C4D2799C03800CB9420 /* Repository */ = {
			isa = PBXGroup;
			children = (
				071C3C4E2799C04F00CB9420 /* PopularMoviesRepository.swift */,
			);
			path = Repository;
			sourceTree = "<group>";
		};
		07998D9827987DC100B36E3F = {
			isa = PBXGroup;
			children = (
				07998DA327987DC100B36E3F /* MVVM_RxSwift_TMDB */,
				07998DA227987DC100B36E3F /* Products */,
				9A0F2F3F615C85B6523CD36F /* Pods */,
				A21967FBD14E5E2FEB3DA6C2 /* Frameworks */,
			);
			sourceTree = "<group>";
		};
		07998DA227987DC100B36E3F /* Products */ = {
			isa = PBXGroup;
			children = (
				07998DA127987DC100B36E3F /* MVVM_RxSwift_TMDB.app */,
			);
			name = Products;
			sourceTree = "<group>";
		};
		07998DA327987DC100B36E3F /* MVVM_RxSwift_TMDB */ = {
			isa = PBXGroup;
			children = (
				07998DA427987DC100B36E3F /* AppDelegate.swift */,
				07998DA627987DC100B36E3F /* SceneDelegate.swift */,
				071C3C482799B86F00CB9420 /* NetworkManager */,
				07998DBA279884ED00B36E3F /* Resources */,
				07998DB8279884C900B36E3F /* HomeView */,
				07998DB9279884D400B36E3F /* DetailView */,
				07998DAD27987DC200B36E3F /* Assets.xcassets */,
				07998DAF27987DC300B36E3F /* LaunchScreen.storyboard */,
				07998DB227987DC300B36E3F /* Info.plist */,
			);
			path = MVVM_RxSwift_TMDB;
			sourceTree = "<group>";
		};
		07998DB8279884C900B36E3F /* HomeView */ = {
			isa = PBXGroup;
			children = (
				071C3C4D2799C03800CB9420 /* Repository */,
				07998DC62798874B00B36E3F /* Router */,
				07998DCC2798906800B36E3F /* Model */,
				07998DC52798874200B36E3F /* View */,
				07998DC72798875300B36E3F /* ViewModel */,
			);
			path = HomeView;
			sourceTree = "<group>";
		};
		07998DB9279884D400B36E3F /* DetailView */ = {
			isa = PBXGroup;
			children = (
				07998DC12798867A00B36E3F /* DetailView.swift */,
				07998DC22798867A00B36E3F /* DetailView.xib */,
			);
			path = DetailView;
			sourceTree = "<group>";
		};
		07998DBA279884ED00B36E3F /* Resources */ = {
			isa = PBXGroup;
			children = (
				07998DBB2798850700B36E3F /* Constants.swift */,
				071C3C522799C3B700CB9420 /* Errors.swift */,
			);
			path = Resources;
			sourceTree = "<group>";
		};
		07998DC52798874200B36E3F /* View */ = {
			isa = PBXGroup;
			children = (
				07998DBD2798866100B36E3F /* HomeView.swift */,
				07998DBE2798866100B36E3F /* HomeView.xib */,
			);
			path = View;
			sourceTree = "<group>";
		};
		07998DC62798874B00B36E3F /* Router */ = {
			isa = PBXGroup;
			children = (
				07998DC82798877A00B36E3F /* HomeRouter.swift */,
			);
			path = Router;
			sourceTree = "<group>";
		};
		07998DC72798875300B36E3F /* ViewModel */ = {
			isa = PBXGroup;
			children = (
				07998DCA27988DBD00B36E3F /* HomeViewModel.swift */,
			);
			path = ViewModel;
			sourceTree = "<group>";
		};
		07998DCC2798906800B36E3F /* Model */ = {
			isa = PBXGroup;
			children = (
				071C3C4B2799BAF300CB9420 /* Movies.swift */,
			);
			path = Model;
			sourceTree = "<group>";
		};
		9A0F2F3F615C85B6523CD36F /* Pods */ = {
			isa = PBXGroup;
			children = (
				7E215E781B7F7636FA6EE7A2 /* Pods-MVVM_RxSwift_TMDB.debug.xcconfig */,
				96D7FC21E4F7CC4B14EDF59B /* Pods-MVVM_RxSwift_TMDB.release.xcconfig */,
			);
			path = Pods;
			sourceTree = "<group>";
		};
		A21967FBD14E5E2FEB3DA6C2 /* Frameworks */ = {
			isa = PBXGroup;
			children = (
				EDDDAA8F1C0BA32714B41F47 /* Pods_MVVM_RxSwift_TMDB.framework */,
			);
			name = Frameworks;
			sourceTree = "<group>";
		};
/* End PBXGroup section */

/* Begin PBXNativeTarget section */
		07998DA027987DC100B36E3F /* MVVM_RxSwift_TMDB */ = {
			isa = PBXNativeTarget;
			buildConfigurationList = 07998DB527987DC300B36E3F /* Build configuration list for PBXNativeTarget "MVVM_RxSwift_TMDB" */;
			buildPhases = (
				4870E654B2E5BDAD97685567 /* [CP] Check Pods Manifest.lock */,
				07998D9D27987DC100B36E3F /* Sources */,
				07998D9E27987DC100B36E3F /* Frameworks */,
				07998D9F27987DC100B36E3F /* Resources */,
				FA6DCA58277ACA102C074587 /* [CP] Embed Pods Frameworks */,
			);
			buildRules = (
			);
			dependencies = (
			);
			name = MVVM_RxSwift_TMDB;
			productName = MVVM_RxSwift_TMDB;
			productReference = 07998DA127987DC100B36E3F /* MVVM_RxSwift_TMDB.app */;
			productType = "com.apple.product-type.application";
		};
/* End PBXNativeTarget section */

/* Begin PBXProject section */
		07998D9927987DC100B36E3F /* Project object */ = {
			isa = PBXProject;
			attributes = {
				BuildIndependentTargetsInParallel = 1;
				LastSwiftUpdateCheck = 1320;
				LastUpgradeCheck = 1320;
				TargetAttributes = {
					07998DA027987DC100B36E3F = {
						CreatedOnToolsVersion = 13.2.1;
					};
				};
			};
			buildConfigurationList = 07998D9C27987DC100B36E3F /* Build configuration list for PBXProject "MVVM_RxSwift_TMDB" */;
			compatibilityVersion = "Xcode 13.0";
			developmentRegion = en;
			hasScannedForEncodings = 0;
			knownRegions = (
				en,
				Base,
			);
			mainGroup = 07998D9827987DC100B36E3F;
			productRefGroup = 07998DA227987DC100B36E3F /* Products */;
			projectDirPath = "";
			projectRoot = "";
			targets = (
				07998DA027987DC100B36E3F /* MVVM_RxSwift_TMDB */,
			);
		};
/* End PBXProject section */

/* Begin PBXResourcesBuildPhase section */
		07998D9F27987DC100B36E3F /* Resources */ = {
			isa = PBXResourcesBuildPhase;
			buildActionMask = 2147483647;
			files = (
				07998DB127987DC300B36E3F /* LaunchScreen.storyboard in Resources */,
				07998DC42798867A00B36E3F /* DetailView.xib in Resources */,
				07998DAE27987DC200B36E3F /* Assets.xcassets in Resources */,
				07998DC02798866100B36E3F /* HomeView.xib in Resources */,
			);
			runOnlyForDeploymentPostprocessing = 0;
		};
/* End PBXResourcesBuildPhase section */

/* Begin PBXShellScriptBuildPhase section */
		4870E654B2E5BDAD97685567 /* [CP] Check Pods Manifest.lock */ = {
			isa = PBXShellScriptBuildPhase;
			buildActionMask = 2147483647;
			files = (
			);
			inputFileListPaths = (
			);
			inputPaths = (
				"${PODS_PODFILE_DIR_PATH}/Podfile.lock",
				"${PODS_ROOT}/Manifest.lock",
			);
			name = "[CP] Check Pods Manifest.lock";
			outputFileListPaths = (
			);
			outputPaths = (
				"$(DERIVED_FILE_DIR)/Pods-MVVM_RxSwift_TMDB-checkManifestLockResult.txt",
			);
			runOnlyForDeploymentPostprocessing = 0;
			shellPath = /bin/sh;
			shellScript = "diff \"${PODS_PODFILE_DIR_PATH}/Podfile.lock\" \"${PODS_ROOT}/Manifest.lock\" > /dev/null\nif [ $? != 0 ] ; then\n    # print error to STDERR\n    echo \"error: The sandbox is not in sync with the Podfile.lock. Run 'pod install' or update your CocoaPods installation.\" >&2\n    exit 1\nfi\n# This output is used by Xcode 'outputs' to avoid re-running this script phase.\necho \"SUCCESS\" > \"${SCRIPT_OUTPUT_FILE_0}\"\n";
			showEnvVarsInLog = 0;
		};
		FA6DCA58277ACA102C074587 /* [CP] Embed Pods Frameworks */ = {
			isa = PBXShellScriptBuildPhase;
			buildActionMask = 2147483647;
			files = (
			);
			inputFileListPaths = (
				"${PODS_ROOT}/Target Support Files/Pods-MVVM_RxSwift_TMDB/Pods-MVVM_RxSwift_TMDB-frameworks-${CONFIGURATION}-input-files.xcfilelist",
			);
			name = "[CP] Embed Pods Frameworks";
			outputFileListPaths = (
				"${PODS_ROOT}/Target Support Files/Pods-MVVM_RxSwift_TMDB/Pods-MVVM_RxSwift_TMDB-frameworks-${CONFIGURATION}-output-files.xcfilelist",
			);
			runOnlyForDeploymentPostprocessing = 0;
			shellPath = /bin/sh;
			shellScript = "\"${PODS_ROOT}/Target Support Files/Pods-MVVM_RxSwift_TMDB/Pods-MVVM_RxSwift_TMDB-frameworks.sh\"\n";
			showEnvVarsInLog = 0;
		};
/* End PBXShellScriptBuildPhase section */

/* Begin PBXSourcesBuildPhase section */
		07998D9D27987DC100B36E3F /* Sources */ = {
			isa = PBXSourcesBuildPhase;
			buildActionMask = 2147483647;
			files = (
				07998DA527987DC100B36E3F /* AppDelegate.swift in Sources */,
				071C3C4A2799B89000CB9420 /* ManagerConnections.swift in Sources */,
				07998DC92798877A00B36E3F /* HomeRouter.swift in Sources */,
				07998DCB27988DBD00B36E3F /* HomeViewModel.swift in Sources */,
				071C3C4F2799C04F00CB9420 /* PopularMoviesRepository.swift in Sources */,
				07998DBF2798866100B36E3F /* HomeView.swift in Sources */,
				071C3C4C2799BAF300CB9420 /* Movies.swift in Sources */,
				071C3C532799C3B700CB9420 /* Errors.swift in Sources */,
				07998DA727987DC100B36E3F /* SceneDelegate.swift in Sources */,
				07998DC32798867A00B36E3F /* DetailView.swift in Sources */,
				07998DBC2798850700B36E3F /* Constants.swift in Sources */,
			);
			runOnlyForDeploymentPostprocessing = 0;
		};
/* End PBXSourcesBuildPhase section */

/* Begin PBXVariantGroup section */
		07998DAF27987DC300B36E3F /* LaunchScreen.storyboard */ = {
			isa = PBXVariantGroup;
			children = (
				07998DB027987DC300B36E3F /* Base */,
			);
			name = LaunchScreen.storyboard;
			sourceTree = "<group>";
		};
/* End PBXVariantGroup section */

/* Begin XCBuildConfiguration section */
		07998DB327987DC300B36E3F /* Debug */ = {
			isa = XCBuildConfiguration;
			buildSettings = {
				ALWAYS_SEARCH_USER_PATHS = NO;
				CLANG_ANALYZER_NONNULL = YES;
				CLANG_ANALYZER_NUMBER_OBJECT_CONVERSION = YES_AGGRESSIVE;
				CLANG_CXX_LANGUAGE_STANDARD = "gnu++17";
				CLANG_CXX_LIBRARY = "libc++";
				CLANG_ENABLE_MODULES = YES;
				CLANG_ENABLE_OBJC_ARC = YES;
				CLANG_ENABLE_OBJC_WEAK = YES;
				CLANG_WARN_BLOCK_CAPTURE_AUTORELEASING = YES;
				CLANG_WARN_BOOL_CONVERSION = YES;
				CLANG_WARN_COMMA = YES;
				CLANG_WARN_CONSTANT_CONVERSION = YES;
				CLANG_WARN_DEPRECATED_OBJC_IMPLEMENTATIONS = YES;
				CLANG_WARN_DIRECT_OBJC_ISA_USAGE = YES_ERROR;
				CLANG_WARN_DOCUMENTATION_COMMENTS = YES;
				CLANG_WARN_EMPTY_BODY = YES;
				CLANG_WARN_ENUM_CONVERSION = YES;
				CLANG_WARN_INFINITE_RECURSION = YES;
				CLANG_WARN_INT_CONVERSION = YES;
				CLANG_WARN_NON_LITERAL_NULL_CONVERSION = YES;
				CLANG_WARN_OBJC_IMPLICIT_RETAIN_SELF = YES;
				CLANG_WARN_OBJC_LITERAL_CONVERSION = YES;
				CLANG_WARN_OBJC_ROOT_CLASS = YES_ERROR;
				CLANG_WARN_QUOTED_INCLUDE_IN_FRAMEWORK_HEADER = YES;
				CLANG_WARN_RANGE_LOOP_ANALYSIS = YES;
				CLANG_WARN_STRICT_PROTOTYPES = YES;
				CLANG_WARN_SUSPICIOUS_MOVE = YES;
				CLANG_WARN_UNGUARDED_AVAILABILITY = YES_AGGRESSIVE;
				CLANG_WARN_UNREACHABLE_CODE = YES;
				CLANG_WARN__DUPLICATE_METHOD_MATCH = YES;
				COPY_PHASE_STRIP = NO;
				DEBUG_INFORMATION_FORMAT = dwarf;
				ENABLE_STRICT_OBJC_MSGSEND = YES;
				ENABLE_TESTABILITY = YES;
				GCC_C_LANGUAGE_STANDARD = gnu11;
				GCC_DYNAMIC_NO_PIC = NO;
				GCC_NO_COMMON_BLOCKS = YES;
				GCC_OPTIMIZATION_LEVEL = 0;
				GCC_PREPROCESSOR_DEFINITIONS = (
					"DEBUG=1",
					"$(inherited)",
				);
				GCC_WARN_64_TO_32_BIT_CONVERSION = YES;
				GCC_WARN_ABOUT_RETURN_TYPE = YES_ERROR;
				GCC_WARN_UNDECLARED_SELECTOR = YES;
				GCC_WARN_UNINITIALIZED_AUTOS = YES_AGGRESSIVE;
				GCC_WARN_UNUSED_FUNCTION = YES;
				GCC_WARN_UNUSED_VARIABLE = YES;
				IPHONEOS_DEPLOYMENT_TARGET = 14.0;
				MTL_ENABLE_DEBUG_INFO = INCLUDE_SOURCE;
				MTL_FAST_MATH = YES;
				ONLY_ACTIVE_ARCH = YES;
				SDKROOT = iphoneos;
				SWIFT_ACTIVE_COMPILATION_CONDITIONS = DEBUG;
				SWIFT_OPTIMIZATION_LEVEL = "-Onone";
			};
			name = Debug;
		};
		07998DB427987DC300B36E3F /* Release */ = {
			isa = XCBuildConfiguration;
			buildSettings = {
				ALWAYS_SEARCH_USER_PATHS = NO;
				CLANG_ANALYZER_NONNULL = YES;
				CLANG_ANALYZER_NUMBER_OBJECT_CONVERSION = YES_AGGRESSIVE;
				CLANG_CXX_LANGUAGE_STANDARD = "gnu++17";
				CLANG_CXX_LIBRARY = "libc++";
				CLANG_ENABLE_MODULES = YES;
				CLANG_ENABLE_OBJC_ARC = YES;
				CLANG_ENABLE_OBJC_WEAK = YES;
				CLANG_WARN_BLOCK_CAPTURE_AUTORELEASING = YES;
				CLANG_WARN_BOOL_CONVERSION = YES;
				CLANG_WARN_COMMA = YES;
				CLANG_WARN_CONSTANT_CONVERSION = YES;
				CLANG_WARN_DEPRECATED_OBJC_IMPLEMENTATIONS = YES;
				CLANG_WARN_DIRECT_OBJC_ISA_USAGE = YES_ERROR;
				CLANG_WARN_DOCUMENTATION_COMMENTS = YES;
				CLANG_WARN_EMPTY_BODY = YES;
				CLANG_WARN_ENUM_CONVERSION = YES;
				CLANG_WARN_INFINITE_RECURSION = YES;
				CLANG_WARN_INT_CONVERSION = YES;
				CLANG_WARN_NON_LITERAL_NULL_CONVERSION = YES;
				CLANG_WARN_OBJC_IMPLICIT_RETAIN_SELF = YES;
				CLANG_WARN_OBJC_LITERAL_CONVERSION = YES;
				CLANG_WARN_OBJC_ROOT_CLASS = YES_ERROR;
				CLANG_WARN_QUOTED_INCLUDE_IN_FRAMEWORK_HEADER = YES;
				CLANG_WARN_RANGE_LOOP_ANALYSIS = YES;
				CLANG_WARN_STRICT_PROTOTYPES = YES;
				CLANG_WARN_SUSPICIOUS_MOVE = YES;
				CLANG_WARN_UNGUARDED_AVAILABILITY = YES_AGGRESSIVE;
				CLANG_WARN_UNREACHABLE_CODE = YES;
				CLANG_WARN__DUPLICATE_METHOD_MATCH = YES;
				COPY_PHASE_STRIP = NO;
				DEBUG_INFORMATION_FORMAT = "dwarf-with-dsym";
				ENABLE_NS_ASSERTIONS = NO;
				ENABLE_STRICT_OBJC_MSGSEND = YES;
				GCC_C_LANGUAGE_STANDARD = gnu11;
				GCC_NO_COMMON_BLOCKS = YES;
				GCC_WARN_64_TO_32_BIT_CONVERSION = YES;
				GCC_WARN_ABOUT_RETURN_TYPE = YES_ERROR;
				GCC_WARN_UNDECLARED_SELECTOR = YES;
				GCC_WARN_UNINITIALIZED_AUTOS = YES_AGGRESSIVE;
				GCC_WARN_UNUSED_FUNCTION = YES;
				GCC_WARN_UNUSED_VARIABLE = YES;
				IPHONEOS_DEPLOYMENT_TARGET = 14.0;
				MTL_ENABLE_DEBUG_INFO = NO;
				MTL_FAST_MATH = YES;
				SDKROOT = iphoneos;
				SWIFT_COMPILATION_MODE = wholemodule;
				SWIFT_OPTIMIZATION_LEVEL = "-O";
				VALIDATE_PRODUCT = YES;
			};
			name = Release;
		};
		07998DB627987DC300B36E3F /* Debug */ = {
			isa = XCBuildConfiguration;
			baseConfigurationReference = 7E215E781B7F7636FA6EE7A2 /* Pods-MVVM_RxSwift_TMDB.debug.xcconfig */;
			buildSettings = {
				ASSETCATALOG_COMPILER_APPICON_NAME = AppIcon;
				ASSETCATALOG_COMPILER_GLOBAL_ACCENT_COLOR_NAME = AccentColor;
				CODE_SIGN_STYLE = Automatic;
				CURRENT_PROJECT_VERSION = 1;
				GENERATE_INFOPLIST_FILE = YES;
				INFOPLIST_FILE = MVVM_RxSwift_TMDB/Info.plist;
				INFOPLIST_KEY_UIApplicationSupportsIndirectInputEvents = YES;
				INFOPLIST_KEY_UILaunchStoryboardName = LaunchScreen;
				INFOPLIST_KEY_UISupportedInterfaceOrientations_iPad = "UIInterfaceOrientationPortrait UIInterfaceOrientationPortraitUpsideDown UIInterfaceOrientationLandscapeLeft UIInterfaceOrientationLandscapeRight";
				INFOPLIST_KEY_UISupportedInterfaceOrientations_iPhone = "UIInterfaceOrientationPortrait UIInterfaceOrientationLandscapeLeft UIInterfaceOrientationLandscapeRight";
				LD_RUNPATH_SEARCH_PATHS = (
					"$(inherited)",
					"@executable_path/Frameworks",
				);
				MARKETING_VERSION = 1.0;
				PRODUCT_BUNDLE_IDENTIFIER = "com.tho.swift.MVVM-RxSwift-TMDB";
				PRODUCT_NAME = "$(TARGET_NAME)";
				SWIFT_EMIT_LOC_STRINGS = YES;
				SWIFT_VERSION = 5.0;
				TARGETED_DEVICE_FAMILY = "1,2";
			};
			name = Debug;
		};
		07998DB727987DC300B36E3F /* Release */ = {
			isa = XCBuildConfiguration;
			baseConfigurationReference = 96D7FC21E4F7CC4B14EDF59B /* Pods-MVVM_RxSwift_TMDB.release.xcconfig */;
			buildSettings = {
				ASSETCATALOG_COMPILER_APPICON_NAME = AppIcon;
				ASSETCATALOG_COMPILER_GLOBAL_ACCENT_COLOR_NAME = AccentColor;
				CODE_SIGN_STYLE = Automatic;
				CURRENT_PROJECT_VERSION = 1;
				GENERATE_INFOPLIST_FILE = YES;
				INFOPLIST_FILE = MVVM_RxSwift_TMDB/Info.plist;
				INFOPLIST_KEY_UIApplicationSupportsIndirectInputEvents = YES;
				INFOPLIST_KEY_UILaunchStoryboardName = LaunchScreen;
				INFOPLIST_KEY_UISupportedInterfaceOrientations_iPad = "UIInterfaceOrientationPortrait UIInterfaceOrientationPortraitUpsideDown UIInterfaceOrientationLandscapeLeft UIInterfaceOrientationLandscapeRight";
				INFOPLIST_KEY_UISupportedInterfaceOrientations_iPhone = "UIInterfaceOrientationPortrait UIInterfaceOrientationLandscapeLeft UIInterfaceOrientationLandscapeRight";
				LD_RUNPATH_SEARCH_PATHS = (
					"$(inherited)",
					"@executable_path/Frameworks",
				);
				MARKETING_VERSION = 1.0;
				PRODUCT_BUNDLE_IDENTIFIER = "com.tho.swift.MVVM-RxSwift-TMDB";
				PRODUCT_NAME = "$(TARGET_NAME)";
				SWIFT_EMIT_LOC_STRINGS = YES;
				SWIFT_VERSION = 5.0;
				TARGETED_DEVICE_FAMILY = "1,2";
			};
			name = Release;
		};
/* End XCBuildConfiguration section */

/* Begin XCConfigurationList section */
		07998D9C27987DC100B36E3F /* Build configuration list for PBXProject "MVVM_RxSwift_TMDB" */ = {
			isa = XCConfigurationList;
			buildConfigurations = (
				07998DB327987DC300B36E3F /* Debug */,
				07998DB427987DC300B36E3F /* Release */,
			);
			defaultConfigurationIsVisible = 0;
			defaultConfigurationName = Release;
		};
		07998DB527987DC300B36E3F /* Build configuration list for PBXNativeTarget "MVVM_RxSwift_TMDB" */ = {
			isa = XCConfigurationList;
			buildConfigurations = (
				07998DB627987DC300B36E3F /* Debug */,
				07998DB727987DC300B36E3F /* Release */,
			);
			defaultConfigurationIsVisible = 0;
			defaultConfigurationName = Release;
		};
/* End XCConfigurationList section */
	};
	rootObject = 07998D9927987DC100B36E3F /* Project object */;
}
